// !$*UTF8*$!
{
	archiveVersion = 1;
	classes = {
	};
	objectVersion = 50;
	objects = {

/* Begin PBXBuildFile section */
		5A5A98A524729BA600CFBC63 /* Signup.storyboard in Resources */ = {isa = PBXBuildFile; fileRef = 5A5A98A424729BA600CFBC63 /* Signup.storyboard */; };
		5A5A98A824729BD600CFBC63 /* NavControllerLecturer.storyboard in Resources */ = {isa = PBXBuildFile; fileRef = 5A5A98A624729BD600CFBC63 /* NavControllerLecturer.storyboard */; };
		8851185424728D2700567AB7 /* dorra.xcdatamodeld in Sources */ = {isa = PBXBuildFile; fileRef = 8851185224728D2600567AB7 /* dorra.xcdatamodeld */; };
		AECD3D8224727E8800B8616D /* AppDelegate.swift in Sources */ = {isa = PBXBuildFile; fileRef = AECD3D8124727E8800B8616D /* AppDelegate.swift */; };
		AECD3D8424727E8800B8616D /* SceneDelegate.swift in Sources */ = {isa = PBXBuildFile; fileRef = AECD3D8324727E8800B8616D /* SceneDelegate.swift */; };
		AECD3D8624727E8800B8616D /* ViewController.swift in Sources */ = {isa = PBXBuildFile; fileRef = AECD3D8524727E8800B8616D /* ViewController.swift */; };
		AECD3D8924727E8800B8616D /* Main.storyboard in Resources */ = {isa = PBXBuildFile; fileRef = AECD3D8724727E8800B8616D /* Main.storyboard */; };
		AECD3D8E24727E8900B8616D /* Assets.xcassets in Resources */ = {isa = PBXBuildFile; fileRef = AECD3D8D24727E8900B8616D /* Assets.xcassets */; };
		AECD3D9124727E8900B8616D /* LaunchScreen.storyboard in Resources */ = {isa = PBXBuildFile; fileRef = AECD3D8F24727E8900B8616D /* LaunchScreen.storyboard */; };
/* End PBXBuildFile section */

/* Begin PBXFileReference section */
		5A5A98A424729BA600CFBC63 /* Signup.storyboard */ = {isa = PBXFileReference; fileEncoding = 4; lastKnownFileType = file.storyboard; path = Signup.storyboard; sourceTree = "<group>"; };
		5A5A98A724729BD600CFBC63 /* Base */ = {isa = PBXFileReference; lastKnownFileType = file.storyboard; name = Base; path = dorra/Base.lproj/NavControllerLecturer.storyboard; sourceTree = "<group>"; };
		8851185324728D2700567AB7 /* dorra.xcdatamodel */ = {isa = PBXFileReference; lastKnownFileType = wrapper.xcdatamodel; path = dorra.xcdatamodel; sourceTree = "<group>"; };
		AECD3D7E24727E8800B8616D /* dorra.app */ = {isa = PBXFileReference; explicitFileType = wrapper.application; includeInIndex = 0; path = dorra.app; sourceTree = BUILT_PRODUCTS_DIR; };
		AECD3D8124727E8800B8616D /* AppDelegate.swift */ = {isa = PBXFileReference; lastKnownFileType = sourcecode.swift; path = AppDelegate.swift; sourceTree = "<group>"; };
		AECD3D8324727E8800B8616D /* SceneDelegate.swift */ = {isa = PBXFileReference; lastKnownFileType = sourcecode.swift; path = SceneDelegate.swift; sourceTree = "<group>"; };
		AECD3D8524727E8800B8616D /* ViewController.swift */ = {isa = PBXFileReference; lastKnownFileType = sourcecode.swift; path = ViewController.swift; sourceTree = "<group>"; };
		AECD3D8824727E8800B8616D /* Base */ = {isa = PBXFileReference; lastKnownFileType = file.storyboard; name = Base; path = Base.lproj/Main.storyboard; sourceTree = "<group>"; };
		AECD3D8D24727E8900B8616D /* Assets.xcassets */ = {isa = PBXFileReference; lastKnownFileType = folder.assetcatalog; path = Assets.xcassets; sourceTree = "<group>"; };
		AECD3D9024727E8900B8616D /* Base */ = {isa = PBXFileReference; lastKnownFileType = file.storyboard; name = Base; path = Base.lproj/LaunchScreen.storyboard; sourceTree = "<group>"; };
		AECD3D9224727E8900B8616D /* Info.plist */ = {isa = PBXFileReference; lastKnownFileType = text.plist.xml; path = Info.plist; sourceTree = "<group>"; };
/* End PBXFileReference section */

/* Begin PBXFrameworksBuildPhase section */
		AECD3D7B24727E8800B8616D /* Frameworks */ = {
			isa = PBXFrameworksBuildPhase;
			buildActionMask = 2147483647;
			files = (
			);
			runOnlyForDeploymentPostprocessing = 0;
		};
/* End PBXFrameworksBuildPhase section */

/* Begin PBXGroup section */
		AECD3D7524727E8800B8616D = {
			isa = PBXGroup;
			children = (
				5A5A98A624729BD600CFBC63 /* NavControllerLecturer.storyboard */,
				5A5A98A424729BA600CFBC63 /* Signup.storyboard */,
				AECD3D8024727E8800B8616D /* dorra */,
				AECD3D7F24727E8800B8616D /* Products */,
			);
			sourceTree = "<group>";
		};
		AECD3D7F24727E8800B8616D /* Products */ = {
			isa = PBXGroup;
			children = (
				AECD3D7E24727E8800B8616D /* dorra.app */,
			);
			name = Products;
			sourceTree = "<group>";
		};
		AECD3D8024727E8800B8616D /* dorra */ = {
			isa = PBXGroup;
			children = (
				8851185224728D2600567AB7 /* dorra.xcdatamodeld */,
				AECD3D8124727E8800B8616D /* AppDelegate.swift */,
				AECD3D8324727E8800B8616D /* SceneDelegate.swift */,
				AECD3D8524727E8800B8616D /* ViewController.swift */,
				AECD3D8724727E8800B8616D /* Main.storyboard */,
				AECD3D8D24727E8900B8616D /* Assets.xcassets */,
				AECD3D8F24727E8900B8616D /* LaunchScreen.storyboard */,
				AECD3D9224727E8900B8616D /* Info.plist */,
			);
			path = dorra;
			sourceTree = "<group>";
		};
/* End PBXGroup section */

/* Begin PBXNativeTarget section */
		AECD3D7D24727E8800B8616D /* dorra */ = {
			isa = PBXNativeTarget;
			buildConfigurationList = AECD3D9524727E8900B8616D /* Build configuration list for PBXNativeTarget "dorra" */;
			buildPhases = (
				AECD3D7A24727E8800B8616D /* Sources */,
				AECD3D7B24727E8800B8616D /* Frameworks */,
				AECD3D7C24727E8800B8616D /* Resources */,
			);
			buildRules = (
			);
			dependencies = (
			);
			name = dorra;
			productName = dorra;
			productReference = AECD3D7E24727E8800B8616D /* dorra.app */;
			productType = "com.apple.product-type.application";
		};
/* End PBXNativeTarget section */

/* Begin PBXProject section */
		AECD3D7624727E8800B8616D /* Project object */ = {
			isa = PBXProject;
			attributes = {
				LastSwiftUpdateCheck = 1140;
				LastUpgradeCheck = 1140;
				ORGANIZATIONNAME = MC2G7;
				TargetAttributes = {
					AECD3D7D24727E8800B8616D = {
						CreatedOnToolsVersion = 11.4.1;
					};
				};
			};
			buildConfigurationList = AECD3D7924727E8800B8616D /* Build configuration list for PBXProject "dorra" */;
			compatibilityVersion = "Xcode 9.3";
			developmentRegion = en;
			hasScannedForEncodings = 0;
			knownRegions = (
				en,
				Base,
			);
			mainGroup = AECD3D7524727E8800B8616D;
			productRefGroup = AECD3D7F24727E8800B8616D /* Products */;
			projectDirPath = "";
			projectRoot = "";
			targets = (
				AECD3D7D24727E8800B8616D /* dorra */,
			);
		};
/* End PBXProject section */

/* Begin PBXResourcesBuildPhase section */
		AECD3D7C24727E8800B8616D /* Resources */ = {
			isa = PBXResourcesBuildPhase;
			buildActionMask = 2147483647;
			files = (
				5A5A98A824729BD600CFBC63 /* NavControllerLecturer.storyboard in Resources */,
				AECD3D9124727E8900B8616D /* LaunchScreen.storyboard in Resources */,
				AECD3D8E24727E8900B8616D /* Assets.xcassets in Resources */,
				5A5A98A524729BA600CFBC63 /* Signup.storyboard in Resources */,
				AECD3D8924727E8800B8616D /* Main.storyboard in Resources */,
			);
			runOnlyForDeploymentPostprocessing = 0;
		};
/* End PBXResourcesBuildPhase section */

/* Begin PBXSourcesBuildPhase section */
		AECD3D7A24727E8800B8616D /* Sources */ = {
			isa = PBXSourcesBuildPhase;
			buildActionMask = 2147483647;
			files = (
				AECD3D8624727E8800B8616D /* ViewController.swift in Sources */,
				AECD3D8224727E8800B8616D /* AppDelegate.swift in Sources */,
				8851185424728D2700567AB7 /* dorra.xcdatamodeld in Sources */,
				AECD3D8424727E8800B8616D /* SceneDelegate.swift in Sources */,
			);
			runOnlyForDeploymentPostprocessing = 0;
		};
/* End PBXSourcesBuildPhase section */

/* Begin PBXVariantGroup section */
		5A5A98A624729BD600CFBC63 /* NavControllerLecturer.storyboard */ = {
			isa = PBXVariantGroup;
			children = (
				5A5A98A724729BD600CFBC63 /* Base */,
			);
			name = NavControllerLecturer.storyboard;
			sourceTree = "<group>";
		};
		AECD3D8724727E8800B8616D /* Main.storyboard */ = {
			isa = PBXVariantGroup;
			children = (
				AECD3D8824727E8800B8616D /* Base */,
			);
			name = Main.storyboard;
			sourceTree = "<group>";
		};
		AECD3D8F24727E8900B8616D /* LaunchScreen.storyboard */ = {
			isa = PBXVariantGroup;
			children = (
				AECD3D9024727E8900B8616D /* Base */,
			);
			name = LaunchScreen.storyboard;
			sourceTree = "<group>";
		};
/* End PBXVariantGroup section */

/* Begin XCBuildConfiguration section */
		AECD3D9324727E8900B8616D /* Debug */ = {
			isa = XCBuildConfiguration;
			buildSettings = {
				ALWAYS_SEARCH_USER_PATHS = NO;
				CLANG_ANALYZER_NONNULL = YES;
				CLANG_ANALYZER_NUMBER_OBJECT_CONVERSION = YES_AGGRESSIVE;
				CLANG_CXX_LANGUAGE_STANDARD = "gnu++14";
				CLANG_CXX_LIBRARY = "libc++";
				CLANG_ENABLE_MODULES = YES;
				CLANG_ENABLE_OBJC_ARC = YES;
				CLANG_ENABLE_OBJC_WEAK = YES;
				CLANG_WARN_BLOCK_CAPTURE_AUTORELEASING = YES;
				CLANG_WARN_BOOL_CONVERSION = YES;
				CLANG_WARN_COMMA = YES;
				CLANG_WARN_CONSTANT_CONVERSION = YES;
				CLANG_WARN_DEPRECATED_OBJC_IMPLEMENTATIONS = YES;
				CLANG_WARN_DIRECT_OBJC_ISA_USAGE = YES_ERROR;
				CLANG_WARN_DOCUMENTATION_COMMENTS = YES;
				CLANG_WARN_EMPTY_BODY = YES;
				CLANG_WARN_ENUM_CONVERSION = YES;
				CLANG_WARN_INFINITE_RECURSION = YES;
				CLANG_WARN_INT_CONVERSION = YES;
				CLANG_WARN_NON_LITERAL_NULL_CONVERSION = YES;
				CLANG_WARN_OBJC_IMPLICIT_RETAIN_SELF = YES;
				CLANG_WARN_OBJC_LITERAL_CONVERSION = YES;
				CLANG_WARN_OBJC_ROOT_CLASS = YES_ERROR;
				CLANG_WARN_RANGE_LOOP_ANALYSIS = YES;
				CLANG_WARN_STRICT_PROTOTYPES = YES;
				CLANG_WARN_SUSPICIOUS_MOVE = YES;
				CLANG_WARN_UNGUARDED_AVAILABILITY = YES_AGGRESSIVE;
				CLANG_WARN_UNREACHABLE_CODE = YES;
				CLANG_WARN__DUPLICATE_METHOD_MATCH = YES;
				COPY_PHASE_STRIP = NO;
				DEBUG_INFORMATION_FORMAT = dwarf;
				ENABLE_STRICT_OBJC_MSGSEND = YES;
				ENABLE_TESTABILITY = YES;
				GCC_C_LANGUAGE_STANDARD = gnu11;
				GCC_DYNAMIC_NO_PIC = NO;
				GCC_NO_COMMON_BLOCKS = YES;
				GCC_OPTIMIZATION_LEVEL = 0;
				GCC_PREPROCESSOR_DEFINITIONS = (
					"DEBUG=1",
					"$(inherited)",
				);
				GCC_WARN_64_TO_32_BIT_CONVERSION = YES;
				GCC_WARN_ABOUT_RETURN_TYPE = YES_ERROR;
				GCC_WARN_UNDECLARED_SELECTOR = YES;
				GCC_WARN_UNINITIALIZED_AUTOS = YES_AGGRESSIVE;
				GCC_WARN_UNUSED_FUNCTION = YES;
				GCC_WARN_UNUSED_VARIABLE = YES;
				IPHONEOS_DEPLOYMENT_TARGET = 13.4;
				MTL_ENABLE_DEBUG_INFO = INCLUDE_SOURCE;
				MTL_FAST_MATH = YES;
				ONLY_ACTIVE_ARCH = YES;
				SDKROOT = iphoneos;
				SWIFT_ACTIVE_COMPILATION_CONDITIONS = DEBUG;
				SWIFT_OPTIMIZATION_LEVEL = "-Onone";
			};
			name = Debug;
		};
		AECD3D9424727E8900B8616D /* Release */ = {
			isa = XCBuildConfiguration;
			buildSettings = {
				ALWAYS_SEARCH_USER_PATHS = NO;
				CLANG_ANALYZER_NONNULL = YES;
				CLANG_ANALYZER_NUMBER_OBJECT_CONVERSION = YES_AGGRESSIVE;
				CLANG_CXX_LANGUAGE_STANDARD = "gnu++14";
				CLANG_CXX_LIBRARY = "libc++";
				CLANG_ENABLE_MODULES = YES;
				CLANG_ENABLE_OBJC_ARC = YES;
				CLANG_ENABLE_OBJC_WEAK = YES;
				CLANG_WARN_BLOCK_CAPTURE_AUTORELEASING = YES;
				CLANG_WARN_BOOL_CONVERSION = YES;
				CLANG_WARN_COMMA = YES;
				CLANG_WARN_CONSTANT_CONVERSION = YES;
				CLANG_WARN_DEPRECATED_OBJC_IMPLEMENTATIONS = YES;
				CLANG_WARN_DIRECT_OBJC_ISA_USAGE = YES_ERROR;
				CLANG_WARN_DOCUMENTATION_COMMENTS = YES;
				CLANG_WARN_EMPTY_BODY = YES;
				CLANG_WARN_ENUM_CONVERSION = YES;
				CLANG_WARN_INFINITE_RECURSION = YES;
				CLANG_WARN_INT_CONVERSION = YES;
				CLANG_WARN_NON_LITERAL_NULL_CONVERSION = YES;
				CLANG_WARN_OBJC_IMPLICIT_RETAIN_SELF = YES;
				CLANG_WARN_OBJC_LITERAL_CONVERSION = YES;
				CLANG_WARN_OBJC_ROOT_CLASS = YES_ERROR;
				CLANG_WARN_RANGE_LOOP_ANALYSIS = YES;
				CLANG_WARN_STRICT_PROTOTYPES = YES;
				CLANG_WARN_SUSPICIOUS_MOVE = YES;
				CLANG_WARN_UNGUARDED_AVAILABILITY = YES_AGGRESSIVE;
				CLANG_WARN_UNREACHABLE_CODE = YES;
				CLANG_WARN__DUPLICATE_METHOD_MATCH = YES;
				COPY_PHASE_STRIP = NO;
				DEBUG_INFORMATION_FORMAT = "dwarf-with-dsym";
				ENABLE_NS_ASSERTIONS = NO;
				ENABLE_STRICT_OBJC_MSGSEND = YES;
				GCC_C_LANGUAGE_STANDARD = gnu11;
				GCC_NO_COMMON_BLOCKS = YES;
				GCC_WARN_64_TO_32_BIT_CONVERSION = YES;
				GCC_WARN_ABOUT_RETURN_TYPE = YES_ERROR;
				GCC_WARN_UNDECLARED_SELECTOR = YES;
				GCC_WARN_UNINITIALIZED_AUTOS = YES_AGGRESSIVE;
				GCC_WARN_UNUSED_FUNCTION = YES;
				GCC_WARN_UNUSED_VARIABLE = YES;
				IPHONEOS_DEPLOYMENT_TARGET = 13.4;
				MTL_ENABLE_DEBUG_INFO = NO;
				MTL_FAST_MATH = YES;
				SDKROOT = iphoneos;
				SWIFT_COMPILATION_MODE = wholemodule;
				SWIFT_OPTIMIZATION_LEVEL = "-O";
				VALIDATE_PRODUCT = YES;
			};
			name = Release;
		};
		AECD3D9624727E8900B8616D /* Debug */ = {
			isa = XCBuildConfiguration;
			buildSettings = {
				ASSETCATALOG_COMPILER_APPICON_NAME = AppIcon;
				CODE_SIGN_STYLE = Automatic;
				INFOPLIST_FILE = dorra/Info.plist;
				LD_RUNPATH_SEARCH_PATHS = (
					"$(inherited)",
					"@executable_path/Frameworks",
				);
				PRODUCT_BUNDLE_IDENTIFIER = com.MC2G7.dorra;
				PRODUCT_NAME = "$(TARGET_NAME)";
				SWIFT_VERSION = 5.0;
				TARGETED_DEVICE_FAMILY = "1,2";
			};
			name = Debug;
		};
		AECD3D9724727E8900B8616D /* Release */ = {
			isa = XCBuildConfiguration;
			buildSettings = {
				ASSETCATALOG_COMPILER_APPICON_NAME = AppIcon;
				CODE_SIGN_STYLE = Automatic;
				INFOPLIST_FILE = dorra/Info.plist;
				LD_RUNPATH_SEARCH_PATHS = (
					"$(inherited)",
					"@executable_path/Frameworks",
				);
				PRODUCT_BUNDLE_IDENTIFIER = com.MC2G7.dorra;
				PRODUCT_NAME = "$(TARGET_NAME)";
				SWIFT_VERSION = 5.0;
				TARGETED_DEVICE_FAMILY = "1,2";
			};
			name = Release;
		};
/* End XCBuildConfiguration section */

/* Begin XCConfigurationList section */
		AECD3D7924727E8800B8616D /* Build configuration list for PBXProject "dorra" */ = {
			isa = XCConfigurationList;
			buildConfigurations = (
				AECD3D9324727E8900B8616D /* Debug */,
				AECD3D9424727E8900B8616D /* Release */,
			);
			defaultConfigurationIsVisible = 0;
			defaultConfigurationName = Release;
		};
		AECD3D9524727E8900B8616D /* Build configuration list for PBXNativeTarget "dorra" */ = {
			isa = XCConfigurationList;
			buildConfigurations = (
				AECD3D9624727E8900B8616D /* Debug */,
				AECD3D9724727E8900B8616D /* Release */,
			);
			defaultConfigurationIsVisible = 0;
			defaultConfigurationName = Release;
		};
/* End XCConfigurationList section */

/* Begin XCVersionGroup section */
		8851185224728D2600567AB7 /* dorra.xcdatamodeld */ = {
			isa = XCVersionGroup;
			children = (
				8851185324728D2700567AB7 /* dorra.xcdatamodel */,
			);
			currentVersion = 8851185324728D2700567AB7 /* dorra.xcdatamodel */;
			path = dorra.xcdatamodeld;
			sourceTree = "<group>";
			versionGroupType = wrapper.xcdatamodel;
		};
/* End XCVersionGroup section */
	};
	rootObject = AECD3D7624727E8800B8616D /* Project object */;
}
