// !$*UTF8*$!
{
	archiveVersion = 1;
	classes = {
	};
	objectVersion = 50;
	objects = {

/* Begin PBXBuildFile section */
		5A50DA74247315720010C842 /* Variables.swift in Sources */ = {isa = PBXBuildFile; fileRef = 5A50DA73247315720010C842 /* Variables.swift */; };
		5A50DA7624731E7C0010C842 /* Lecture+Extension.swift in Sources */ = {isa = PBXBuildFile; fileRef = 5A50DA7524731E7C0010C842 /* Lecture+Extension.swift */; };
		5A50DA78247328810010C842 /* CustomTextField.swift in Sources */ = {isa = PBXBuildFile; fileRef = 5A50DA77247328810010C842 /* CustomTextField.swift */; };
		5A5A98A824729BD600CFBC63 /* NavControllerLecturer.storyboard in Resources */ = {isa = PBXBuildFile; fileRef = 5A5A98A624729BD600CFBC63 /* NavControllerLecturer.storyboard */; };
		5AD398252472B3170030B5A1 /* StudentActivity.storyboard in Resources */ = {isa = PBXBuildFile; fileRef = 5AD398232472B3170030B5A1 /* StudentActivity.storyboard */; };
		5AD3982A2472B3580030B5A1 /* StudentProgress.storyboard in Resources */ = {isa = PBXBuildFile; fileRef = 5AD398282472B3580030B5A1 /* StudentProgress.storyboard */; };
		5AFCEEF62473022B0038518C /* SignupVC.swift in Sources */ = {isa = PBXBuildFile; fileRef = 5AFCEEF52473022B0038518C /* SignupVC.swift */; };
		5AFCEEF8247309CC0038518C /* Students+Extension.swift in Sources */ = {isa = PBXBuildFile; fileRef = 5AFCEEF7247309CC0038518C /* Students+Extension.swift */; };
		5AFCEEFC24730B470038518C /* CloudKit.framework in Frameworks */ = {isa = PBXBuildFile; fileRef = 5AFCEEFB24730B470038518C /* CloudKit.framework */; };
		5AFCEF0024730E220038518C /* UIViewController+Extension.swift in Sources */ = {isa = PBXBuildFile; fileRef = 5AFCEEFF24730E220038518C /* UIViewController+Extension.swift */; };
		884E122B247D26F800F101F5 /* StudentQuiz.storyboard in Resources */ = {isa = PBXBuildFile; fileRef = 884E122A247D26F800F101F5 /* StudentQuiz.storyboard */; };
		884E122D247D2A5F00F101F5 /* doneVC.swift in Sources */ = {isa = PBXBuildFile; fileRef = 884E122C247D2A5F00F101F5 /* doneVC.swift */; };
		8851185424728D2700567AB7 /* dorra.xcdatamodeld in Sources */ = {isa = PBXBuildFile; fileRef = 8851185224728D2600567AB7 /* dorra.xcdatamodeld */; };
		AE0247E6247C323F00DB419A /* LectureAllClassTVCell.swift in Sources */ = {isa = PBXBuildFile; fileRef = AE0247E2247C323F00DB419A /* LectureAllClassTVCell.swift */; };
		AE0247E7247C323F00DB419A /* LectureTodayTVCell.swift in Sources */ = {isa = PBXBuildFile; fileRef = AE0247E3247C323F00DB419A /* LectureTodayTVCell.swift */; };
		AE0247E8247C323F00DB419A /* LectureAllClassCVCell.swift in Sources */ = {isa = PBXBuildFile; fileRef = AE0247E4247C323F00DB419A /* LectureAllClassCVCell.swift */; };
		AE0247E9247C323F00DB419A /* LectureTomorrowTVCell.swift in Sources */ = {isa = PBXBuildFile; fileRef = AE0247E5247C323F00DB419A /* LectureTomorrowTVCell.swift */; };
		AE0247ED247C32F200DB419A /* ResultCell.swift in Sources */ = {isa = PBXBuildFile; fileRef = AE0247EC247C32F200DB419A /* ResultCell.swift */; };
		AE0247EF247C335D00DB419A /* LectureCreateDetailClass.swift in Sources */ = {isa = PBXBuildFile; fileRef = AE0247EE247C335D00DB419A /* LectureCreateDetailClass.swift */; };
		AE0247F1247C337200DB419A /* Quises.plist in Resources */ = {isa = PBXBuildFile; fileRef = AE0247F0247C337200DB419A /* Quises.plist */; };
		AE0247F3247C339C00DB419A /* MyCell.swift in Sources */ = {isa = PBXBuildFile; fileRef = AE0247F2247C339C00DB419A /* MyCell.swift */; };
		AE0247F5247C33AB00DB419A /* MyCell.xib in Resources */ = {isa = PBXBuildFile; fileRef = AE0247F4247C33AB00DB419A /* MyCell.xib */; };
		AE0247F9247C345900DB419A /* resultVC.swift in Sources */ = {isa = PBXBuildFile; fileRef = AE0247F8247C345900DB419A /* resultVC.swift */; };
		AE0247FB247C347A00DB419A /* resultTableViewController.swift in Sources */ = {isa = PBXBuildFile; fileRef = AE0247FA247C347A00DB419A /* resultTableViewController.swift */; };
		AE0247FD247C34A300DB419A /* LectureDetailClass.swift in Sources */ = {isa = PBXBuildFile; fileRef = AE0247FC247C34A300DB419A /* LectureDetailClass.swift */; };
		AE0247FF247C34BF00DB419A /* lectureHome.swift in Sources */ = {isa = PBXBuildFile; fileRef = AE0247FE247C34BF00DB419A /* lectureHome.swift */; };
		AE024801247C34CE00DB419A /* LectureAddClass.swift in Sources */ = {isa = PBXBuildFile; fileRef = AE024800247C34CE00DB419A /* LectureAddClass.swift */; };
		AE024803247C34E100DB419A /* LecturerHistory.storyboard in Resources */ = {isa = PBXBuildFile; fileRef = AE024802247C34E100DB419A /* LecturerHistory.storyboard */; };
		AE024805247C350300DB419A /* questionTableViewController.swift in Sources */ = {isa = PBXBuildFile; fileRef = AE024804247C350300DB419A /* questionTableViewController.swift */; };
		AE024807247C352400DB419A /* questionListVC.swift in Sources */ = {isa = PBXBuildFile; fileRef = AE024806247C352300DB419A /* questionListVC.swift */; };
		AE024809247C353400DB419A /* quizSecondViewController.swift in Sources */ = {isa = PBXBuildFile; fileRef = AE024808247C353300DB419A /* quizSecondViewController.swift */; };
		AE02480B247C354F00DB419A /* Dummy.swift in Sources */ = {isa = PBXBuildFile; fileRef = AE02480A247C354F00DB419A /* Dummy.swift */; };
		AE02480D247C356500DB419A /* MTRViewController.swift in Sources */ = {isa = PBXBuildFile; fileRef = AE02480C247C356500DB419A /* MTRViewController.swift */; };
		AE024811247C359D00DB419A /* material.swift in Sources */ = {isa = PBXBuildFile; fileRef = AE024810247C359D00DB419A /* material.swift */; };
		AE024813247C35AB00DB419A /* materialCell.swift in Sources */ = {isa = PBXBuildFile; fileRef = AE024812247C35AB00DB419A /* materialCell.swift */; };
		AE024815247C35C200DB419A /* Signup.storyboard in Resources */ = {isa = PBXBuildFile; fileRef = AE024814247C35C200DB419A /* Signup.storyboard */; };
		AE02481A247C383F00DB419A /* Main.storyboard in Resources */ = {isa = PBXBuildFile; fileRef = AE024818247C383F00DB419A /* Main.storyboard */; };
		AE024824247C38E900DB419A /* AllClassCVCell.swift in Sources */ = {isa = PBXBuildFile; fileRef = AE02481C247C38E900DB419A /* AllClassCVCell.swift */; };
		AE024825247C38E900DB419A /* MapJourneyVC.swift in Sources */ = {isa = PBXBuildFile; fileRef = AE02481D247C38E900DB419A /* MapJourneyVC.swift */; };
		AE024826247C38E900DB419A /* AllClassTVCell.swift in Sources */ = {isa = PBXBuildFile; fileRef = AE02481E247C38E900DB419A /* AllClassTVCell.swift */; };
		AE024827247C38E900DB419A /* StudentHomeVC.swift in Sources */ = {isa = PBXBuildFile; fileRef = AE02481F247C38E900DB419A /* StudentHomeVC.swift */; };
		AE024828247C38E900DB419A /* CloudKitHelper.swift in Sources */ = {isa = PBXBuildFile; fileRef = AE024820247C38E900DB419A /* CloudKitHelper.swift */; };
		AE024829247C38E900DB419A /* StudentHome.storyboard in Resources */ = {isa = PBXBuildFile; fileRef = AE024821247C38E900DB419A /* StudentHome.storyboard */; };
		AE02482A247C38E900DB419A /* TodayTVCell.swift in Sources */ = {isa = PBXBuildFile; fileRef = AE024822247C38E900DB419A /* TodayTVCell.swift */; };
		AE02482B247C38E900DB419A /* TomorrowTVCell.swift in Sources */ = {isa = PBXBuildFile; fileRef = AE024823247C38E900DB419A /* TomorrowTVCell.swift */; };
		AE02482D247C3F2000DB419A /* StudentMaterial.storyboard in Resources */ = {isa = PBXBuildFile; fileRef = AE02482C247C3F2000DB419A /* StudentMaterial.storyboard */; };
		AE02482F247C41C100DB419A /* materialVC.swift in Sources */ = {isa = PBXBuildFile; fileRef = AE02482E247C41C100DB419A /* materialVC.swift */; };
		AE1AF85C2475192C0092AA5B /* LecturerProfile.storyboard in Resources */ = {isa = PBXBuildFile; fileRef = AE1AF85A2475192C0092AA5B /* LecturerProfile.storyboard */; };
		AE1AF860247524E40092AA5B /* LecturerHistoryVC.swift in Sources */ = {isa = PBXBuildFile; fileRef = AE1AF85F247524E40092AA5B /* LecturerHistoryVC.swift */; };
		AE2F3A1B247A6335004438C2 /* LecturerProfileVC.swift in Sources */ = {isa = PBXBuildFile; fileRef = AE2F3A1A247A6335004438C2 /* LecturerProfileVC.swift */; };
		AE5651C72477C7E700CEB65D /* HistoryCollectionViewCell.swift in Sources */ = {isa = PBXBuildFile; fileRef = AE5651C62477C7E700CEB65D /* HistoryCollectionViewCell.swift */; };
		AECD3D8224727E8800B8616D /* AppDelegate.swift in Sources */ = {isa = PBXBuildFile; fileRef = AECD3D8124727E8800B8616D /* AppDelegate.swift */; };
		AECD3D8424727E8800B8616D /* SceneDelegate.swift in Sources */ = {isa = PBXBuildFile; fileRef = AECD3D8324727E8800B8616D /* SceneDelegate.swift */; };
		AECD3D8624727E8800B8616D /* SigninVC.swift in Sources */ = {isa = PBXBuildFile; fileRef = AECD3D8524727E8800B8616D /* SigninVC.swift */; };
		AECD3D8E24727E8900B8616D /* Assets.xcassets in Resources */ = {isa = PBXBuildFile; fileRef = AECD3D8D24727E8900B8616D /* Assets.xcassets */; };
		AECD3D9124727E8900B8616D /* LaunchScreen.storyboard in Resources */ = {isa = PBXBuildFile; fileRef = AECD3D8F24727E8900B8616D /* LaunchScreen.storyboard */; };
/* End PBXBuildFile section */

/* Begin PBXFileReference section */
		5A50DA73247315720010C842 /* Variables.swift */ = {isa = PBXFileReference; lastKnownFileType = sourcecode.swift; path = Variables.swift; sourceTree = "<group>"; };
		5A50DA7524731E7C0010C842 /* Lecture+Extension.swift */ = {isa = PBXFileReference; lastKnownFileType = sourcecode.swift; path = "Lecture+Extension.swift"; sourceTree = "<group>"; };
		5A50DA77247328810010C842 /* CustomTextField.swift */ = {isa = PBXFileReference; lastKnownFileType = sourcecode.swift; path = CustomTextField.swift; sourceTree = "<group>"; };
		5A5A98A724729BD600CFBC63 /* Base */ = {isa = PBXFileReference; lastKnownFileType = file.storyboard; name = Base; path = dorra/Base.lproj/NavControllerLecturer.storyboard; sourceTree = "<group>"; };
		5AD398242472B3170030B5A1 /* Base */ = {isa = PBXFileReference; lastKnownFileType = file.storyboard; name = Base; path = dorra/Base.lproj/StudentActivity.storyboard; sourceTree = "<group>"; };
		5AD398292472B3580030B5A1 /* Base */ = {isa = PBXFileReference; lastKnownFileType = file.storyboard; name = Base; path = dorra/Base.lproj/StudentProgress.storyboard; sourceTree = "<group>"; };
		5AFCEEF52473022B0038518C /* SignupVC.swift */ = {isa = PBXFileReference; lastKnownFileType = sourcecode.swift; path = SignupVC.swift; sourceTree = "<group>"; };
		5AFCEEF7247309CC0038518C /* Students+Extension.swift */ = {isa = PBXFileReference; lastKnownFileType = sourcecode.swift; path = "Students+Extension.swift"; sourceTree = "<group>"; };
		5AFCEEF924730B420038518C /* dorra.entitlements */ = {isa = PBXFileReference; lastKnownFileType = text.plist.entitlements; path = dorra.entitlements; sourceTree = "<group>"; };
		5AFCEEFB24730B470038518C /* CloudKit.framework */ = {isa = PBXFileReference; lastKnownFileType = wrapper.framework; name = CloudKit.framework; path = System/Library/Frameworks/CloudKit.framework; sourceTree = SDKROOT; };
		5AFCEEFF24730E220038518C /* UIViewController+Extension.swift */ = {isa = PBXFileReference; lastKnownFileType = sourcecode.swift; path = "UIViewController+Extension.swift"; sourceTree = "<group>"; };
		884E122A247D26F800F101F5 /* StudentQuiz.storyboard */ = {isa = PBXFileReference; fileEncoding = 4; lastKnownFileType = file.storyboard; name = StudentQuiz.storyboard; path = dorra/StudentQuiz.storyboard; sourceTree = "<group>"; };
		884E122C247D2A5F00F101F5 /* doneVC.swift */ = {isa = PBXFileReference; lastKnownFileType = sourcecode.swift; path = doneVC.swift; sourceTree = "<group>"; };
		8851185324728D2700567AB7 /* dorra.xcdatamodel */ = {isa = PBXFileReference; lastKnownFileType = wrapper.xcdatamodel; path = dorra.xcdatamodel; sourceTree = "<group>"; };
		AE0247E2247C323F00DB419A /* LectureAllClassTVCell.swift */ = {isa = PBXFileReference; fileEncoding = 4; lastKnownFileType = sourcecode.swift; name = LectureAllClassTVCell.swift; path = dorra/LectureHome/LectureAllClassTVCell.swift; sourceTree = SOURCE_ROOT; };
		AE0247E3247C323F00DB419A /* LectureTodayTVCell.swift */ = {isa = PBXFileReference; fileEncoding = 4; lastKnownFileType = sourcecode.swift; name = LectureTodayTVCell.swift; path = dorra/LectureHome/LectureTodayTVCell.swift; sourceTree = SOURCE_ROOT; };
		AE0247E4247C323F00DB419A /* LectureAllClassCVCell.swift */ = {isa = PBXFileReference; fileEncoding = 4; lastKnownFileType = sourcecode.swift; name = LectureAllClassCVCell.swift; path = dorra/LectureHome/LectureAllClassCVCell.swift; sourceTree = SOURCE_ROOT; };
		AE0247E5247C323F00DB419A /* LectureTomorrowTVCell.swift */ = {isa = PBXFileReference; fileEncoding = 4; lastKnownFileType = sourcecode.swift; name = LectureTomorrowTVCell.swift; path = dorra/LectureHome/LectureTomorrowTVCell.swift; sourceTree = SOURCE_ROOT; };
		AE0247EC247C32F200DB419A /* ResultCell.swift */ = {isa = PBXFileReference; fileEncoding = 4; lastKnownFileType = sourcecode.swift; name = ResultCell.swift; path = dorra/ResultCell.swift; sourceTree = "<group>"; };
		AE0247EE247C335D00DB419A /* LectureCreateDetailClass.swift */ = {isa = PBXFileReference; fileEncoding = 4; lastKnownFileType = sourcecode.swift; name = LectureCreateDetailClass.swift; path = dorra/LectureCreateDetailClass.swift; sourceTree = "<group>"; };
		AE0247F0247C337200DB419A /* Quises.plist */ = {isa = PBXFileReference; fileEncoding = 4; lastKnownFileType = text.plist.xml; name = Quises.plist; path = dorra/Quises.plist; sourceTree = "<group>"; };
		AE0247F2247C339C00DB419A /* MyCell.swift */ = {isa = PBXFileReference; fileEncoding = 4; lastKnownFileType = sourcecode.swift; name = MyCell.swift; path = dorra/MyCell.swift; sourceTree = "<group>"; };
		AE0247F4247C33AB00DB419A /* MyCell.xib */ = {isa = PBXFileReference; fileEncoding = 4; lastKnownFileType = file.xib; name = MyCell.xib; path = dorra/MyCell.xib; sourceTree = "<group>"; };
		AE0247F8247C345900DB419A /* resultVC.swift */ = {isa = PBXFileReference; fileEncoding = 4; lastKnownFileType = sourcecode.swift; name = resultVC.swift; path = dorra/resultVC.swift; sourceTree = "<group>"; };
		AE0247FA247C347A00DB419A /* resultTableViewController.swift */ = {isa = PBXFileReference; fileEncoding = 4; lastKnownFileType = sourcecode.swift; name = resultTableViewController.swift; path = dorra/resultTableViewController.swift; sourceTree = "<group>"; };
		AE0247FC247C34A300DB419A /* LectureDetailClass.swift */ = {isa = PBXFileReference; fileEncoding = 4; lastKnownFileType = sourcecode.swift; name = LectureDetailClass.swift; path = dorra/LectureDetailClass.swift; sourceTree = "<group>"; };
		AE0247FE247C34BF00DB419A /* lectureHome.swift */ = {isa = PBXFileReference; fileEncoding = 4; lastKnownFileType = sourcecode.swift; name = lectureHome.swift; path = dorra/lectureHome.swift; sourceTree = "<group>"; };
		AE024800247C34CE00DB419A /* LectureAddClass.swift */ = {isa = PBXFileReference; fileEncoding = 4; lastKnownFileType = sourcecode.swift; name = LectureAddClass.swift; path = dorra/LectureAddClass.swift; sourceTree = "<group>"; };
		AE024802247C34E100DB419A /* LecturerHistory.storyboard */ = {isa = PBXFileReference; fileEncoding = 4; lastKnownFileType = file.storyboard; name = LecturerHistory.storyboard; path = dorra/LecturerHistory.storyboard; sourceTree = "<group>"; };
		AE024804247C350300DB419A /* questionTableViewController.swift */ = {isa = PBXFileReference; fileEncoding = 4; lastKnownFileType = sourcecode.swift; name = questionTableViewController.swift; path = dorra/questionTableViewController.swift; sourceTree = "<group>"; };
		AE024806247C352300DB419A /* questionListVC.swift */ = {isa = PBXFileReference; fileEncoding = 4; lastKnownFileType = sourcecode.swift; name = questionListVC.swift; path = dorra/questionListVC.swift; sourceTree = "<group>"; };
		AE024808247C353300DB419A /* quizSecondViewController.swift */ = {isa = PBXFileReference; fileEncoding = 4; lastKnownFileType = sourcecode.swift; name = quizSecondViewController.swift; path = dorra/quizSecondViewController.swift; sourceTree = "<group>"; };
		AE02480A247C354F00DB419A /* Dummy.swift */ = {isa = PBXFileReference; fileEncoding = 4; lastKnownFileType = sourcecode.swift; name = Dummy.swift; path = dorra/Dummy.swift; sourceTree = "<group>"; };
		AE02480C247C356500DB419A /* MTRViewController.swift */ = {isa = PBXFileReference; fileEncoding = 4; lastKnownFileType = sourcecode.swift; name = MTRViewController.swift; path = dorra/MTRViewController.swift; sourceTree = "<group>"; };
		AE024810247C359D00DB419A /* material.swift */ = {isa = PBXFileReference; fileEncoding = 4; lastKnownFileType = sourcecode.swift; name = material.swift; path = dorra/material.swift; sourceTree = "<group>"; };
		AE024812247C35AB00DB419A /* materialCell.swift */ = {isa = PBXFileReference; fileEncoding = 4; lastKnownFileType = sourcecode.swift; name = materialCell.swift; path = dorra/materialCell.swift; sourceTree = "<group>"; };
		AE024814247C35C200DB419A /* Signup.storyboard */ = {isa = PBXFileReference; fileEncoding = 4; lastKnownFileType = file.storyboard; name = Signup.storyboard; path = dorra/Signup.storyboard; sourceTree = "<group>"; };
		AE024819247C383F00DB419A /* Base */ = {isa = PBXFileReference; lastKnownFileType = file.storyboard; name = Base; path = Base.lproj/Main.storyboard; sourceTree = "<group>"; };
		AE02481C247C38E900DB419A /* AllClassCVCell.swift */ = {isa = PBXFileReference; fileEncoding = 4; lastKnownFileType = sourcecode.swift; name = AllClassCVCell.swift; path = dorra/StudentHome/AllClassCVCell.swift; sourceTree = SOURCE_ROOT; };
		AE02481D247C38E900DB419A /* MapJourneyVC.swift */ = {isa = PBXFileReference; fileEncoding = 4; lastKnownFileType = sourcecode.swift; name = MapJourneyVC.swift; path = dorra/StudentHome/MapJourneyVC.swift; sourceTree = SOURCE_ROOT; };
		AE02481E247C38E900DB419A /* AllClassTVCell.swift */ = {isa = PBXFileReference; fileEncoding = 4; lastKnownFileType = sourcecode.swift; name = AllClassTVCell.swift; path = dorra/StudentHome/AllClassTVCell.swift; sourceTree = SOURCE_ROOT; };
		AE02481F247C38E900DB419A /* StudentHomeVC.swift */ = {isa = PBXFileReference; fileEncoding = 4; lastKnownFileType = sourcecode.swift; name = StudentHomeVC.swift; path = dorra/StudentHome/StudentHomeVC.swift; sourceTree = SOURCE_ROOT; };
		AE024820247C38E900DB419A /* CloudKitHelper.swift */ = {isa = PBXFileReference; fileEncoding = 4; lastKnownFileType = sourcecode.swift; name = CloudKitHelper.swift; path = dorra/StudentHome/CloudKitHelper.swift; sourceTree = SOURCE_ROOT; };
		AE024821247C38E900DB419A /* StudentHome.storyboard */ = {isa = PBXFileReference; fileEncoding = 4; lastKnownFileType = file.storyboard; name = StudentHome.storyboard; path = dorra/StudentHome/StudentHome.storyboard; sourceTree = SOURCE_ROOT; };
		AE024822247C38E900DB419A /* TodayTVCell.swift */ = {isa = PBXFileReference; fileEncoding = 4; lastKnownFileType = sourcecode.swift; name = TodayTVCell.swift; path = dorra/StudentHome/TodayTVCell.swift; sourceTree = SOURCE_ROOT; };
		AE024823247C38E900DB419A /* TomorrowTVCell.swift */ = {isa = PBXFileReference; fileEncoding = 4; lastKnownFileType = sourcecode.swift; name = TomorrowTVCell.swift; path = dorra/StudentHome/TomorrowTVCell.swift; sourceTree = SOURCE_ROOT; };
		AE02482C247C3F2000DB419A /* StudentMaterial.storyboard */ = {isa = PBXFileReference; fileEncoding = 4; lastKnownFileType = file.storyboard; path = StudentMaterial.storyboard; sourceTree = "<group>"; };
		AE02482E247C41C100DB419A /* materialVC.swift */ = {isa = PBXFileReference; fileEncoding = 4; lastKnownFileType = sourcecode.swift; name = materialVC.swift; path = dorra/materialVC.swift; sourceTree = "<group>"; };
		AE1AF85B2475192C0092AA5B /* Base */ = {isa = PBXFileReference; lastKnownFileType = file.storyboard; name = Base; path = dorra/Base.lproj/LecturerProfile.storyboard; sourceTree = "<group>"; };
		AE1AF85F247524E40092AA5B /* LecturerHistoryVC.swift */ = {isa = PBXFileReference; lastKnownFileType = sourcecode.swift; path = LecturerHistoryVC.swift; sourceTree = "<group>"; };
		AE2F3A1A247A6335004438C2 /* LecturerProfileVC.swift */ = {isa = PBXFileReference; lastKnownFileType = sourcecode.swift; path = LecturerProfileVC.swift; sourceTree = "<group>"; };
		AE5651C62477C7E700CEB65D /* HistoryCollectionViewCell.swift */ = {isa = PBXFileReference; lastKnownFileType = sourcecode.swift; path = HistoryCollectionViewCell.swift; sourceTree = "<group>"; };
		AECD3D7E24727E8800B8616D /* dorra.app */ = {isa = PBXFileReference; explicitFileType = wrapper.application; includeInIndex = 0; path = dorra.app; sourceTree = BUILT_PRODUCTS_DIR; };
		AECD3D8124727E8800B8616D /* AppDelegate.swift */ = {isa = PBXFileReference; lastKnownFileType = sourcecode.swift; path = AppDelegate.swift; sourceTree = "<group>"; };
		AECD3D8324727E8800B8616D /* SceneDelegate.swift */ = {isa = PBXFileReference; lastKnownFileType = sourcecode.swift; path = SceneDelegate.swift; sourceTree = "<group>"; };
		AECD3D8524727E8800B8616D /* SigninVC.swift */ = {isa = PBXFileReference; lastKnownFileType = sourcecode.swift; path = SigninVC.swift; sourceTree = "<group>"; };
		AECD3D8D24727E8900B8616D /* Assets.xcassets */ = {isa = PBXFileReference; lastKnownFileType = folder.assetcatalog; path = Assets.xcassets; sourceTree = "<group>"; };
		AECD3D9024727E8900B8616D /* Base */ = {isa = PBXFileReference; lastKnownFileType = file.storyboard; name = Base; path = Base.lproj/LaunchScreen.storyboard; sourceTree = "<group>"; };
		AECD3D9224727E8900B8616D /* Info.plist */ = {isa = PBXFileReference; lastKnownFileType = text.plist.xml; path = Info.plist; sourceTree = "<group>"; };
/* End PBXFileReference section */

/* Begin PBXFrameworksBuildPhase section */
		AECD3D7B24727E8800B8616D /* Frameworks */ = {
			isa = PBXFrameworksBuildPhase;
			buildActionMask = 2147483647;
			files = (
				5AFCEEFC24730B470038518C /* CloudKit.framework in Frameworks */,
			);
			runOnlyForDeploymentPostprocessing = 0;
		};
/* End PBXFrameworksBuildPhase section */

/* Begin PBXGroup section */
		5AFCEEFA24730B470038518C /* Frameworks */ = {
			isa = PBXGroup;
			children = (
				5AFCEEFB24730B470038518C /* CloudKit.framework */,
			);
			name = Frameworks;
			sourceTree = "<group>";
		};
		AE02481B247C38D400DB419A /* StudentHome */ = {
			isa = PBXGroup;
			children = (
				AE02481C247C38E900DB419A /* AllClassCVCell.swift */,
				AE02481E247C38E900DB419A /* AllClassTVCell.swift */,
				AE024820247C38E900DB419A /* CloudKitHelper.swift */,
				AE02481D247C38E900DB419A /* MapJourneyVC.swift */,
				AE024821247C38E900DB419A /* StudentHome.storyboard */,
				AE02481F247C38E900DB419A /* StudentHomeVC.swift */,
				AE024822247C38E900DB419A /* TodayTVCell.swift */,
				AE024823247C38E900DB419A /* TomorrowTVCell.swift */,
			);
			path = StudentHome;
			sourceTree = "<group>";
		};
		AECD3D7524727E8800B8616D = {
			isa = PBXGroup;
			children = (
				AE02481B247C38D400DB419A /* StudentHome */,
				AE0247FC247C34A300DB419A /* LectureDetailClass.swift */,
				C8C33CD3247A6C5700EFA561 /* LectureHome */,
				AE0247FE247C34BF00DB419A /* lectureHome.swift */,
				AE02482C247C3F2000DB419A /* StudentMaterial.storyboard */,
				AE024800247C34CE00DB419A /* LectureAddClass.swift */,
				AE024802247C34E100DB419A /* LecturerHistory.storyboard */,
				AE1AF85A2475192C0092AA5B /* LecturerProfile.storyboard */,
				AE0247EE247C335D00DB419A /* LectureCreateDetailClass.swift */,
				AE0247F4247C33AB00DB419A /* MyCell.xib */,
				AE0247F0247C337200DB419A /* Quises.plist */,
				AE0247F2247C339C00DB419A /* MyCell.swift */,
				AE0247FA247C347A00DB419A /* resultTableViewController.swift */,
				AE0247F8247C345900DB419A /* resultVC.swift */,
				AE0247EC247C32F200DB419A /* ResultCell.swift */,
				AE024804247C350300DB419A /* questionTableViewController.swift */,
				AE024806247C352300DB419A /* questionListVC.swift */,
				AE024808247C353300DB419A /* quizSecondViewController.swift */,
				884E122A247D26F800F101F5 /* StudentQuiz.storyboard */,
				884E122C247D2A5F00F101F5 /* doneVC.swift */,
				AE02480A247C354F00DB419A /* Dummy.swift */,
				5AD398282472B3580030B5A1 /* StudentProgress.storyboard */,
				AE02480C247C356500DB419A /* MTRViewController.swift */,
				AE024810247C359D00DB419A /* material.swift */,
				AE024812247C35AB00DB419A /* materialCell.swift */,
				5AD398232472B3170030B5A1 /* StudentActivity.storyboard */,
				5A5A98A624729BD600CFBC63 /* NavControllerLecturer.storyboard */,
				AE024814247C35C200DB419A /* Signup.storyboard */,
				AE02482E247C41C100DB419A /* materialVC.swift */,
				AECD3D8024727E8800B8616D /* dorra */,
				AECD3D7F24727E8800B8616D /* Products */,
				5AFCEEFA24730B470038518C /* Frameworks */,
			);
			sourceTree = "<group>";
		};
		AECD3D7F24727E8800B8616D /* Products */ = {
			isa = PBXGroup;
			children = (
				AECD3D7E24727E8800B8616D /* dorra.app */,
			);
			name = Products;
			sourceTree = "<group>";
		};
		AECD3D8024727E8800B8616D /* dorra */ = {
			isa = PBXGroup;
			children = (
				AE024818247C383F00DB419A /* Main.storyboard */,
				5A50DA73247315720010C842 /* Variables.swift */,
				AE2F3A1A247A6335004438C2 /* LecturerProfileVC.swift */,
				AE5651C62477C7E700CEB65D /* HistoryCollectionViewCell.swift */,
				5AFCEEF924730B420038518C /* dorra.entitlements */,
				8851185224728D2600567AB7 /* dorra.xcdatamodeld */,
				5A50DA7524731E7C0010C842 /* Lecture+Extension.swift */,
				5AFCEEF7247309CC0038518C /* Students+Extension.swift */,
				AECD3D8124727E8800B8616D /* AppDelegate.swift */,
				AECD3D8324727E8800B8616D /* SceneDelegate.swift */,
				5A50DA77247328810010C842 /* CustomTextField.swift */,
				AECD3D8524727E8800B8616D /* SigninVC.swift */,
				5AFCEEF52473022B0038518C /* SignupVC.swift */,
				5AFCEEFF24730E220038518C /* UIViewController+Extension.swift */,
				AECD3D8D24727E8900B8616D /* Assets.xcassets */,
				AECD3D8F24727E8900B8616D /* LaunchScreen.storyboard */,
				AECD3D9224727E8900B8616D /* Info.plist */,
				AE1AF85F247524E40092AA5B /* LecturerHistoryVC.swift */,
			);
			path = dorra;
			sourceTree = "<group>";
		};
		C8C33CD3247A6C5700EFA561 /* LectureHome */ = {
			isa = PBXGroup;
			children = (
				AE0247E4247C323F00DB419A /* LectureAllClassCVCell.swift */,
				AE0247E2247C323F00DB419A /* LectureAllClassTVCell.swift */,
				AE0247E3247C323F00DB419A /* LectureTodayTVCell.swift */,
				AE0247E5247C323F00DB419A /* LectureTomorrowTVCell.swift */,
			);
			path = LectureHome;
			sourceTree = "<group>";
		};
/* End PBXGroup section */

/* Begin PBXNativeTarget section */
		AECD3D7D24727E8800B8616D /* dorra */ = {
			isa = PBXNativeTarget;
			buildConfigurationList = AECD3D9524727E8900B8616D /* Build configuration list for PBXNativeTarget "dorra" */;
			buildPhases = (
				AECD3D7A24727E8800B8616D /* Sources */,
				AECD3D7B24727E8800B8616D /* Frameworks */,
				AECD3D7C24727E8800B8616D /* Resources */,
			);
			buildRules = (
			);
			dependencies = (
			);
			name = dorra;
			productName = dorra;
			productReference = AECD3D7E24727E8800B8616D /* dorra.app */;
			productType = "com.apple.product-type.application";
		};
/* End PBXNativeTarget section */

/* Begin PBXProject section */
		AECD3D7624727E8800B8616D /* Project object */ = {
			isa = PBXProject;
			attributes = {
				LastSwiftUpdateCheck = 1140;
				LastUpgradeCheck = 1140;
				ORGANIZATIONNAME = MC2G7;
				TargetAttributes = {
					AECD3D7D24727E8800B8616D = {
						CreatedOnToolsVersion = 11.4.1;
					};
				};
			};
			buildConfigurationList = AECD3D7924727E8800B8616D /* Build configuration list for PBXProject "dorra" */;
			compatibilityVersion = "Xcode 9.3";
			developmentRegion = en;
			hasScannedForEncodings = 0;
			knownRegions = (
				en,
				Base,
			);
			mainGroup = AECD3D7524727E8800B8616D;
			productRefGroup = AECD3D7F24727E8800B8616D /* Products */;
			projectDirPath = "";
			projectRoot = "";
			targets = (
				AECD3D7D24727E8800B8616D /* dorra */,
			);
		};
/* End PBXProject section */

/* Begin PBXResourcesBuildPhase section */
		AECD3D7C24727E8800B8616D /* Resources */ = {
			isa = PBXResourcesBuildPhase;
			buildActionMask = 2147483647;
			files = (
				5A5A98A824729BD600CFBC63 /* NavControllerLecturer.storyboard in Resources */,
				AE0247F1247C337200DB419A /* Quises.plist in Resources */,
				AE024803247C34E100DB419A /* LecturerHistory.storyboard in Resources */,
				AECD3D9124727E8900B8616D /* LaunchScreen.storyboard in Resources */,
				AECD3D8E24727E8900B8616D /* Assets.xcassets in Resources */,
				AE02482D247C3F2000DB419A /* StudentMaterial.storyboard in Resources */,
				5AD398252472B3170030B5A1 /* StudentActivity.storyboard in Resources */,
				AE02481A247C383F00DB419A /* Main.storyboard in Resources */,
				5AD3982A2472B3580030B5A1 /* StudentProgress.storyboard in Resources */,
				884E122B247D26F800F101F5 /* StudentQuiz.storyboard in Resources */,
				AE1AF85C2475192C0092AA5B /* LecturerProfile.storyboard in Resources */,
				AE0247F5247C33AB00DB419A /* MyCell.xib in Resources */,
				AE024815247C35C200DB419A /* Signup.storyboard in Resources */,
				AE024829247C38E900DB419A /* StudentHome.storyboard in Resources */,
			);
			runOnlyForDeploymentPostprocessing = 0;
		};
/* End PBXResourcesBuildPhase section */

/* Begin PBXSourcesBuildPhase section */
		AECD3D7A24727E8800B8616D /* Sources */ = {
			isa = PBXSourcesBuildPhase;
			buildActionMask = 2147483647;
			files = (
				AE0247FB247C347A00DB419A /* resultTableViewController.swift in Sources */,
				AE024809247C353400DB419A /* quizSecondViewController.swift in Sources */,
				AE024828247C38E900DB419A /* CloudKitHelper.swift in Sources */,
				AE024826247C38E900DB419A /* AllClassTVCell.swift in Sources */,
				AE0247F3247C339C00DB419A /* MyCell.swift in Sources */,
				AE02482F247C41C100DB419A /* materialVC.swift in Sources */,
				AE5651C72477C7E700CEB65D /* HistoryCollectionViewCell.swift in Sources */,
				AECD3D8624727E8800B8616D /* SigninVC.swift in Sources */,
				AE02482A247C38E900DB419A /* TodayTVCell.swift in Sources */,
				AE0247FF247C34BF00DB419A /* lectureHome.swift in Sources */,
				884E122D247D2A5F00F101F5 /* doneVC.swift in Sources */,
				AE024805247C350300DB419A /* questionTableViewController.swift in Sources */,
				AE1AF860247524E40092AA5B /* LecturerHistoryVC.swift in Sources */,
				AE0247E9247C323F00DB419A /* LectureTomorrowTVCell.swift in Sources */,
				AE2F3A1B247A6335004438C2 /* LecturerProfileVC.swift in Sources */,
				AE024827247C38E900DB419A /* StudentHomeVC.swift in Sources */,
				AE0247E6247C323F00DB419A /* LectureAllClassTVCell.swift in Sources */,
				AECD3D8624727E8800B8616D /* SigninVC.swift in Sources */,
				5AFCEEF62473022B0038518C /* SignupVC.swift in Sources */,
				AECD3D8224727E8800B8616D /* AppDelegate.swift in Sources */,
				AE02480D247C356500DB419A /* MTRViewController.swift in Sources */,
				AE024824247C38E900DB419A /* AllClassCVCell.swift in Sources */,
				AE024825247C38E900DB419A /* MapJourneyVC.swift in Sources */,
				AE024811247C359D00DB419A /* material.swift in Sources */,
				AE0247E7247C323F00DB419A /* LectureTodayTVCell.swift in Sources */,
				5A50DA7624731E7C0010C842 /* Lecture+Extension.swift in Sources */,
				AE02482B247C38E900DB419A /* TomorrowTVCell.swift in Sources */,
				AE0247ED247C32F200DB419A /* ResultCell.swift in Sources */,
				AE024801247C34CE00DB419A /* LectureAddClass.swift in Sources */,
				AE024813247C35AB00DB419A /* materialCell.swift in Sources */,
				5A50DA78247328810010C842 /* CustomTextField.swift in Sources */,
				5A50DA74247315720010C842 /* Variables.swift in Sources */,
				AE02480B247C354F00DB419A /* Dummy.swift in Sources */,
				AE0247FD247C34A300DB419A /* LectureDetailClass.swift in Sources */,
				AE024807247C352400DB419A /* questionListVC.swift in Sources */,
				AE0247EF247C335D00DB419A /* LectureCreateDetailClass.swift in Sources */,
				AE0247E8247C323F00DB419A /* LectureAllClassCVCell.swift in Sources */,
				5AFCEEF8247309CC0038518C /* Students+Extension.swift in Sources */,
				5AFCEF0024730E220038518C /* UIViewController+Extension.swift in Sources */,
				8851185424728D2700567AB7 /* dorra.xcdatamodeld in Sources */,
				AECD3D8424727E8800B8616D /* SceneDelegate.swift in Sources */,
				AE0247F9247C345900DB419A /* resultVC.swift in Sources */,
			);
			runOnlyForDeploymentPostprocessing = 0;
		};
/* End PBXSourcesBuildPhase section */

/* Begin PBXVariantGroup section */
		5A5A98A624729BD600CFBC63 /* NavControllerLecturer.storyboard */ = {
			isa = PBXVariantGroup;
			children = (
				5A5A98A724729BD600CFBC63 /* Base */,
			);
			name = NavControllerLecturer.storyboard;
			sourceTree = "<group>";
		};
		5AD398232472B3170030B5A1 /* StudentActivity.storyboard */ = {
			isa = PBXVariantGroup;
			children = (
				5AD398242472B3170030B5A1 /* Base */,
			);
			name = StudentActivity.storyboard;
			sourceTree = "<group>";
		};
		5AD398282472B3580030B5A1 /* StudentProgress.storyboard */ = {
			isa = PBXVariantGroup;
			children = (
				5AD398292472B3580030B5A1 /* Base */,
			);
			name = StudentProgress.storyboard;
			sourceTree = "<group>";
		};
		AE024818247C383F00DB419A /* Main.storyboard */ = {
			isa = PBXVariantGroup;
			children = (
				AE024819247C383F00DB419A /* Base */,
			);
			name = Main.storyboard;
			sourceTree = "<group>";
		};
		AE1AF85A2475192C0092AA5B /* LecturerProfile.storyboard */ = {
			isa = PBXVariantGroup;
			children = (
				AE1AF85B2475192C0092AA5B /* Base */,
			);
			name = LecturerProfile.storyboard;
			sourceTree = "<group>";
		};
		AECD3D8F24727E8900B8616D /* LaunchScreen.storyboard */ = {
			isa = PBXVariantGroup;
			children = (
				AECD3D9024727E8900B8616D /* Base */,
			);
			name = LaunchScreen.storyboard;
			sourceTree = "<group>";
		};
/* End PBXVariantGroup section */

/* Begin XCBuildConfiguration section */
		AECD3D9324727E8900B8616D /* Debug */ = {
			isa = XCBuildConfiguration;
			buildSettings = {
				ALWAYS_SEARCH_USER_PATHS = NO;
				CLANG_ANALYZER_NONNULL = YES;
				CLANG_ANALYZER_NUMBER_OBJECT_CONVERSION = YES_AGGRESSIVE;
				CLANG_CXX_LANGUAGE_STANDARD = "gnu++14";
				CLANG_CXX_LIBRARY = "libc++";
				CLANG_ENABLE_MODULES = YES;
				CLANG_ENABLE_OBJC_ARC = YES;
				CLANG_ENABLE_OBJC_WEAK = YES;
				CLANG_WARN_BLOCK_CAPTURE_AUTORELEASING = YES;
				CLANG_WARN_BOOL_CONVERSION = YES;
				CLANG_WARN_COMMA = YES;
				CLANG_WARN_CONSTANT_CONVERSION = YES;
				CLANG_WARN_DEPRECATED_OBJC_IMPLEMENTATIONS = YES;
				CLANG_WARN_DIRECT_OBJC_ISA_USAGE = YES_ERROR;
				CLANG_WARN_DOCUMENTATION_COMMENTS = YES;
				CLANG_WARN_EMPTY_BODY = YES;
				CLANG_WARN_ENUM_CONVERSION = YES;
				CLANG_WARN_INFINITE_RECURSION = YES;
				CLANG_WARN_INT_CONVERSION = YES;
				CLANG_WARN_NON_LITERAL_NULL_CONVERSION = YES;
				CLANG_WARN_OBJC_IMPLICIT_RETAIN_SELF = YES;
				CLANG_WARN_OBJC_LITERAL_CONVERSION = YES;
				CLANG_WARN_OBJC_ROOT_CLASS = YES_ERROR;
				CLANG_WARN_RANGE_LOOP_ANALYSIS = YES;
				CLANG_WARN_STRICT_PROTOTYPES = YES;
				CLANG_WARN_SUSPICIOUS_MOVE = YES;
				CLANG_WARN_UNGUARDED_AVAILABILITY = YES_AGGRESSIVE;
				CLANG_WARN_UNREACHABLE_CODE = YES;
				CLANG_WARN__DUPLICATE_METHOD_MATCH = YES;
				COPY_PHASE_STRIP = NO;
				DEBUG_INFORMATION_FORMAT = dwarf;
				ENABLE_STRICT_OBJC_MSGSEND = YES;
				ENABLE_TESTABILITY = YES;
				GCC_C_LANGUAGE_STANDARD = gnu11;
				GCC_DYNAMIC_NO_PIC = NO;
				GCC_NO_COMMON_BLOCKS = YES;
				GCC_OPTIMIZATION_LEVEL = 0;
				GCC_PREPROCESSOR_DEFINITIONS = (
					"DEBUG=1",
					"$(inherited)",
				);
				GCC_WARN_64_TO_32_BIT_CONVERSION = YES;
				GCC_WARN_ABOUT_RETURN_TYPE = YES_ERROR;
				GCC_WARN_UNDECLARED_SELECTOR = YES;
				GCC_WARN_UNINITIALIZED_AUTOS = YES_AGGRESSIVE;
				GCC_WARN_UNUSED_FUNCTION = YES;
				GCC_WARN_UNUSED_VARIABLE = YES;
				IPHONEOS_DEPLOYMENT_TARGET = 13.4;
				MTL_ENABLE_DEBUG_INFO = INCLUDE_SOURCE;
				MTL_FAST_MATH = YES;
				ONLY_ACTIVE_ARCH = YES;
				SDKROOT = iphoneos;
				SWIFT_ACTIVE_COMPILATION_CONDITIONS = DEBUG;
				SWIFT_OPTIMIZATION_LEVEL = "-Onone";
			};
			name = Debug;
		};
		AECD3D9424727E8900B8616D /* Release */ = {
			isa = XCBuildConfiguration;
			buildSettings = {
				ALWAYS_SEARCH_USER_PATHS = NO;
				CLANG_ANALYZER_NONNULL = YES;
				CLANG_ANALYZER_NUMBER_OBJECT_CONVERSION = YES_AGGRESSIVE;
				CLANG_CXX_LANGUAGE_STANDARD = "gnu++14";
				CLANG_CXX_LIBRARY = "libc++";
				CLANG_ENABLE_MODULES = YES;
				CLANG_ENABLE_OBJC_ARC = YES;
				CLANG_ENABLE_OBJC_WEAK = YES;
				CLANG_WARN_BLOCK_CAPTURE_AUTORELEASING = YES;
				CLANG_WARN_BOOL_CONVERSION = YES;
				CLANG_WARN_COMMA = YES;
				CLANG_WARN_CONSTANT_CONVERSION = YES;
				CLANG_WARN_DEPRECATED_OBJC_IMPLEMENTATIONS = YES;
				CLANG_WARN_DIRECT_OBJC_ISA_USAGE = YES_ERROR;
				CLANG_WARN_DOCUMENTATION_COMMENTS = YES;
				CLANG_WARN_EMPTY_BODY = YES;
				CLANG_WARN_ENUM_CONVERSION = YES;
				CLANG_WARN_INFINITE_RECURSION = YES;
				CLANG_WARN_INT_CONVERSION = YES;
				CLANG_WARN_NON_LITERAL_NULL_CONVERSION = YES;
				CLANG_WARN_OBJC_IMPLICIT_RETAIN_SELF = YES;
				CLANG_WARN_OBJC_LITERAL_CONVERSION = YES;
				CLANG_WARN_OBJC_ROOT_CLASS = YES_ERROR;
				CLANG_WARN_RANGE_LOOP_ANALYSIS = YES;
				CLANG_WARN_STRICT_PROTOTYPES = YES;
				CLANG_WARN_SUSPICIOUS_MOVE = YES;
				CLANG_WARN_UNGUARDED_AVAILABILITY = YES_AGGRESSIVE;
				CLANG_WARN_UNREACHABLE_CODE = YES;
				CLANG_WARN__DUPLICATE_METHOD_MATCH = YES;
				COPY_PHASE_STRIP = NO;
				DEBUG_INFORMATION_FORMAT = "dwarf-with-dsym";
				ENABLE_NS_ASSERTIONS = NO;
				ENABLE_STRICT_OBJC_MSGSEND = YES;
				GCC_C_LANGUAGE_STANDARD = gnu11;
				GCC_NO_COMMON_BLOCKS = YES;
				GCC_WARN_64_TO_32_BIT_CONVERSION = YES;
				GCC_WARN_ABOUT_RETURN_TYPE = YES_ERROR;
				GCC_WARN_UNDECLARED_SELECTOR = YES;
				GCC_WARN_UNINITIALIZED_AUTOS = YES_AGGRESSIVE;
				GCC_WARN_UNUSED_FUNCTION = YES;
				GCC_WARN_UNUSED_VARIABLE = YES;
				IPHONEOS_DEPLOYMENT_TARGET = 13.4;
				MTL_ENABLE_DEBUG_INFO = NO;
				MTL_FAST_MATH = YES;
				SDKROOT = iphoneos;
				SWIFT_COMPILATION_MODE = wholemodule;
				SWIFT_OPTIMIZATION_LEVEL = "-O";
				VALIDATE_PRODUCT = YES;
			};
			name = Release;
		};
		AECD3D9624727E8900B8616D /* Debug */ = {
			isa = XCBuildConfiguration;
			buildSettings = {
				ASSETCATALOG_COMPILER_APPICON_NAME = AppIcon;
				CODE_SIGN_ENTITLEMENTS = dorra/dorra.entitlements;
				CODE_SIGN_STYLE = Automatic;
				DEVELOPMENT_TEAM = 6PP5K2C27F;
				INFOPLIST_FILE = dorra/Info.plist;
				LD_RUNPATH_SEARCH_PATHS = (
					"$(inherited)",
					"@executable_path/Frameworks",
				);
				PRODUCT_BUNDLE_IDENTIFIER = com.jacobandrean.app;
				PRODUCT_NAME = "$(TARGET_NAME)";
				SWIFT_VERSION = 5.0;
				TARGETED_DEVICE_FAMILY = "1,2";
			};
			name = Debug;
		};
		AECD3D9724727E8900B8616D /* Release */ = {
			isa = XCBuildConfiguration;
			buildSettings = {
				ASSETCATALOG_COMPILER_APPICON_NAME = AppIcon;
				CODE_SIGN_ENTITLEMENTS = dorra/dorra.entitlements;
				CODE_SIGN_STYLE = Automatic;
				DEVELOPMENT_TEAM = 6PP5K2C27F;
				INFOPLIST_FILE = dorra/Info.plist;
				LD_RUNPATH_SEARCH_PATHS = (
					"$(inherited)",
					"@executable_path/Frameworks",
				);
				PRODUCT_BUNDLE_IDENTIFIER = com.jacobandrean.app;
				PRODUCT_NAME = "$(TARGET_NAME)";
				SWIFT_VERSION = 5.0;
				TARGETED_DEVICE_FAMILY = "1,2";
			};
			name = Release;
		};
/* End XCBuildConfiguration section */

/* Begin XCConfigurationList section */
		AECD3D7924727E8800B8616D /* Build configuration list for PBXProject "dorra" */ = {
			isa = XCConfigurationList;
			buildConfigurations = (
				AECD3D9324727E8900B8616D /* Debug */,
				AECD3D9424727E8900B8616D /* Release */,
			);
			defaultConfigurationIsVisible = 0;
			defaultConfigurationName = Release;
		};
		AECD3D9524727E8900B8616D /* Build configuration list for PBXNativeTarget "dorra" */ = {
			isa = XCConfigurationList;
			buildConfigurations = (
				AECD3D9624727E8900B8616D /* Debug */,
				AECD3D9724727E8900B8616D /* Release */,
			);
			defaultConfigurationIsVisible = 0;
			defaultConfigurationName = Release;
		};
/* End XCConfigurationList section */

/* Begin XCVersionGroup section */
		8851185224728D2600567AB7 /* dorra.xcdatamodeld */ = {
			isa = XCVersionGroup;
			children = (
				8851185324728D2700567AB7 /* dorra.xcdatamodel */,
			);
			currentVersion = 8851185324728D2700567AB7 /* dorra.xcdatamodel */;
			path = dorra.xcdatamodeld;
			sourceTree = "<group>";
			versionGroupType = wrapper.xcdatamodel;
		};
/* End XCVersionGroup section */
	};
	rootObject = AECD3D7624727E8800B8616D /* Project object */;
}
